version: 1.0
shards:
  exception_page:
    github: crystal-loot/exception_page
    version: 0.1.1

  icr:
    github: greyblake/crystal-icr
    commit: 052ad808708b05b2408b0ff95b8585261ac1d49a

  kemal:
    github: kemalcr/kemal
    commit: 9448360eac4273919c2bb6d2517a7234844aec2f

  kilt:
    github: jeromegn/kilt
    version: 0.4.0

  mongo:
    github: kalinon/mongo.cr
    commit: b18940febb28cf2fb5ca4c0fd401bbf3c2094771

  radix:
    github: luislavena/radix
    version: 0.3.8

  spec-kemal:
    github: kemalcr/spec-kemal
    commit: 93ab608228ea6619d15555d1c77a3bcff29f1dba

