version: 1.0
shards:
  icr:
    github: greyblake/crystal-icr
    commit: 052ad808708b05b2408b0ff95b8585261ac1d49a

  kemal:
    github: kemalcr/kemal
    commit: 17bd3dce3724b092fd1151cad126f5973da00204

  kilt:
    github: jeromegn/kilt
    version: 0.4.0

  mongo:
    github: datanoise/mongo.cr
    commit: 30117a7c9d3eab81557ad0ae833f7109c4e6cabc

  radix:
    github: luislavena/radix
    version: 0.3.8

  redis:
    github: stefanwille/crystal-redis
    version: 1.8.0

  spec-kemal:
    github: kemalcr/spec-kemal
    commit: 93ab608228ea6619d15555d1c77a3bcff29f1dba

